
Microsoft Visual Studio Solution File, Format Version 12.00
# Visual Studio Version 17
VisualStudioVersion = 17.4.33110.190
MinimumVisualStudioVersion = 10.0.40219.1
Project("{FAE04EC0-301F-11D3-BF4B-00C04F79EFBC}") = "ProjetoAula04", "ProjetoAula04\ProjetoAula04.csproj", "{59E05A33-F595-4523-A8DD-695107FACFCD}"
EndProject
Global
	GlobalSection(SolutionConfigurationPlatforms) = preSolution
		Debug|Any CPU = Debug|Any CPU
		Release|Any CPU = Release|Any CPU
	EndGlobalSection
	GlobalSection(ProjectConfigurationPlatforms) = postSolution
		{59E05A33-F595-4523-A8DD-695107FACFCD}.Debug|Any CPU.ActiveCfg = Debug|Any CPU
		{59E05A33-F595-4523-A8DD-695107FACFCD}.Debug|Any CPU.Build.0 = Debug|Any CPU
		{59E05A33-F595-4523-A8DD-695107FACFCD}.Release|Any CPU.ActiveCfg = Release|Any CPU
		{59E05A33-F595-4523-A8DD-695107FACFCD}.Release|Any CPU.Build.0 = Release|Any CPU
	EndGlobalSection
	GlobalSection(SolutionProperties) = preSolution
		HideSolutionNode = FALSE
	EndGlobalSection
	GlobalSection(ExtensibilityGlobals) = postSolution
		SolutionGuid = {251D253A-30D9-41B0-AEFD-FAB9E47747A7}
	EndGlobalSection
EndGlobal
